<?xml version="1.0" encoding="utf-8"?>
<Project ToolsVersion="4.0" xmlns="http://schemas.microsoft.com/developer/msbuild/2003">
  <ItemGroup>
    <Filter Include="Resource Files">
      <UniqueIdentifier>{67DA6AB6-F800-4c08-8B7A-83BB121AAD01}</UniqueIdentifier>
      <Extensions>rc;ico;cur;bmp;dlg;rc2;rct;bin;rgs;gif;jpg;jpeg;jpe;resx;tiff;tif;png;wav;mfcribbon-ms</Extensions>
    </Filter>
    <Filter Include="Global">
      <UniqueIdentifier>{219c3741-d803-4a2f-af5e-a80723e7bb7d}</UniqueIdentifier>
    </Filter>
    <Filter Include="Game Object">
      <UniqueIdentifier>{444b39f0-0670-4ebd-89e7-07e8e8d28c00}</UniqueIdentifier>
    </Filter>
  </ItemGroup>
  <ItemGroup>
    <ClCompile Include="src\App.cpp">
      <Filter>Global</Filter>
    </ClCompile>
    <ClCompile Include="src\Constant.cpp">
      <Filter>Global</Filter>
    </ClCompile>
    <ClCompile Include="src\main.cpp">
      <Filter>Global</Filter>
    </ClCompile>
    <ClCompile Include="src\TextureHolder.cpp">
      <Filter>Global</Filter>
    </ClCompile>
    <ClCompile Include="src\SoundHolder.cpp">
      <Filter>Global</Filter>
    </ClCompile>
    <ClCompile Include="src\SoundPlayer.cpp">
      <Filter>Global</Filter>
    </ClCompile>
    <ClCompile Include="src\Screen.cpp">
      <Filter>Global</Filter>
    </ClCompile>
    <ClCompile Include="src\Game\Player.cpp">
      <Filter>Game Object</Filter>
    </ClCompile>
    <ClCompile Include="src\Game\Entity.cpp">
      <Filter>Game Object</Filter>
    </ClCompile>
    <ClCompile Include="src\Game\Movable.cpp">
      <Filter>Game Object</Filter>
    </ClCompile>
  </ItemGroup>
  <ItemGroup>
    <ClInclude Include="src\App.h">
      <Filter>Global</Filter>
    </ClInclude>
    <ClInclude Include="src\Constant.h">
      <Filter>Global</Filter>
    </ClInclude>
    <ClInclude Include="src\TextureHolder.h">
      <Filter>Global</Filter>
    </ClInclude>
    <ClInclude Include="src\SoundHolder.h">
      <Filter>Global</Filter>
    </ClInclude>
    <ClInclude Include="src\SoundPlayer.h">
      <Filter>Global</Filter>
    </ClInclude>
    <ClInclude Include="src\Screen.h">
      <Filter>Global</Filter>
    </ClInclude>
    <ClInclude Include="src\Game\Player.h">
      <Filter>Game Object</Filter>
    </ClInclude>
    <ClInclude Include="src\Game\Entity.h">
      <Filter>Game Object</Filter>
    </ClInclude>
    <ClInclude Include="src\Game\Movable.h">
      <Filter>Game Object</Filter>
    </ClInclude>
  </ItemGroup>
</Project>